// !$*UTF8*$!
{
	archiveVersion = 1;
	classes = {
	};
	objectVersion = 55;
	objects = {

/* Begin PBXBuildFile section */
		9B862932289878160074739C /* AppCore in Frameworks */ = {isa = PBXBuildFile; productRef = 9B862931289878160074739C /* AppCore */; };
		9B862934289878190074739C /* AppUI in Frameworks */ = {isa = PBXBuildFile; productRef = 9B862933289878190074739C /* AppUI */; };
		9BADAA852895648D00A32855 /* IntervalsApp.swift in Sources */ = {isa = PBXBuildFile; fileRef = 9BADAA842895648D00A32855 /* IntervalsApp.swift */; };
		9BADAA872895648D00A32855 /* ContentView.swift in Sources */ = {isa = PBXBuildFile; fileRef = 9BADAA862895648D00A32855 /* ContentView.swift */; };
		9BADAA892895648F00A32855 /* Assets.xcassets in Resources */ = {isa = PBXBuildFile; fileRef = 9BADAA882895648F00A32855 /* Assets.xcassets */; };
		9BADAA8C2895648F00A32855 /* Preview Assets.xcassets in Resources */ = {isa = PBXBuildFile; fileRef = 9BADAA8B2895648F00A32855 /* Preview Assets.xcassets */; };
		9BADAA962895648F00A32855 /* IntervalsTests.swift in Sources */ = {isa = PBXBuildFile; fileRef = 9BADAA952895648F00A32855 /* IntervalsTests.swift */; };
/* End PBXBuildFile section */

/* Begin PBXContainerItemProxy section */
		9BADAA922895648F00A32855 /* PBXContainerItemProxy */ = {
			isa = PBXContainerItemProxy;
			containerPortal = 9BADAA792895648D00A32855 /* Project object */;
			proxyType = 1;
			remoteGlobalIDString = 9BADAA802895648D00A32855;
			remoteInfo = Intervals;
		};
/* End PBXContainerItemProxy section */

/* Begin PBXFileReference section */
		9B9852F228970D420037A321 /* Interval */ = {isa = PBXFileReference; lastKnownFileType = wrapper; path = Interval; sourceTree = "<group>"; };
		9BADAA812895648D00A32855 /* Intervals.app */ = {isa = PBXFileReference; explicitFileType = wrapper.application; includeInIndex = 0; path = Intervals.app; sourceTree = BUILT_PRODUCTS_DIR; };
		9BADAA842895648D00A32855 /* IntervalsApp.swift */ = {isa = PBXFileReference; lastKnownFileType = sourcecode.swift; path = IntervalsApp.swift; sourceTree = "<group>"; };
		9BADAA862895648D00A32855 /* ContentView.swift */ = {isa = PBXFileReference; lastKnownFileType = sourcecode.swift; path = ContentView.swift; sourceTree = "<group>"; };
		9BADAA882895648F00A32855 /* Assets.xcassets */ = {isa = PBXFileReference; lastKnownFileType = folder.assetcatalog; path = Assets.xcassets; sourceTree = "<group>"; };
		9BADAA8B2895648F00A32855 /* Preview Assets.xcassets */ = {isa = PBXFileReference; lastKnownFileType = folder.assetcatalog; path = "Preview Assets.xcassets"; sourceTree = "<group>"; };
		9BADAA912895648F00A32855 /* IntervalsTests.xctest */ = {isa = PBXFileReference; explicitFileType = wrapper.cfbundle; includeInIndex = 0; path = IntervalsTests.xctest; sourceTree = BUILT_PRODUCTS_DIR; };
		9BADAA952895648F00A32855 /* IntervalsTests.swift */ = {isa = PBXFileReference; lastKnownFileType = sourcecode.swift; path = IntervalsTests.swift; sourceTree = "<group>"; };
/* End PBXFileReference section */

/* Begin PBXFrameworksBuildPhase section */
		9BADAA7E2895648D00A32855 /* Frameworks */ = {
			isa = PBXFrameworksBuildPhase;
			buildActionMask = 2147483647;
			files = (
				9B862934289878190074739C /* AppUI in Frameworks */,
				9B862932289878160074739C /* AppCore in Frameworks */,
			);
			runOnlyForDeploymentPostprocessing = 0;
		};
		9BADAA8E2895648F00A32855 /* Frameworks */ = {
			isa = PBXFrameworksBuildPhase;
			buildActionMask = 2147483647;
			files = (
			);
			runOnlyForDeploymentPostprocessing = 0;
		};
/* End PBXFrameworksBuildPhase section */

/* Begin PBXGroup section */
		9B9852F3289716320037A321 /* Frameworks */ = {
			isa = PBXGroup;
			children = (
			);
			name = Frameworks;
			sourceTree = "<group>";
		};
		9BADAA782895648D00A32855 = {
			isa = PBXGroup;
			children = (
				9B9852F228970D420037A321 /* Interval */,
				9BADAA832895648D00A32855 /* Intervals */,
				9BADAA942895648F00A32855 /* IntervalsTests */,
				9BADAA822895648D00A32855 /* Products */,
				9B9852F3289716320037A321 /* Frameworks */,
			);
			sourceTree = "<group>";
		};
		9BADAA822895648D00A32855 /* Products */ = {
			isa = PBXGroup;
			children = (
				9BADAA812895648D00A32855 /* Intervals.app */,
				9BADAA912895648F00A32855 /* IntervalsTests.xctest */,
			);
			name = Products;
			sourceTree = "<group>";
		};
		9BADAA832895648D00A32855 /* Intervals */ = {
			isa = PBXGroup;
			children = (
				9BADAA842895648D00A32855 /* IntervalsApp.swift */,
				9BADAA862895648D00A32855 /* ContentView.swift */,
				9BADAA882895648F00A32855 /* Assets.xcassets */,
				9BADAA8A2895648F00A32855 /* Preview Content */,
			);
			path = Intervals;
			sourceTree = "<group>";
		};
		9BADAA8A2895648F00A32855 /* Preview Content */ = {
			isa = PBXGroup;
			children = (
				9BADAA8B2895648F00A32855 /* Preview Assets.xcassets */,
			);
			path = "Preview Content";
			sourceTree = "<group>";
		};
		9BADAA942895648F00A32855 /* IntervalsTests */ = {
			isa = PBXGroup;
			children = (
				9BADAA952895648F00A32855 /* IntervalsTests.swift */,
			);
			path = IntervalsTests;
			sourceTree = "<group>";
		};
/* End PBXGroup section */

/* Begin PBXNativeTarget section */
		9BADAA802895648D00A32855 /* Intervals */ = {
			isa = PBXNativeTarget;
			buildConfigurationList = 9BADAAA52895648F00A32855 /* Build configuration list for PBXNativeTarget "Intervals" */;
			buildPhases = (
				9BADAA7D2895648D00A32855 /* Sources */,
				9BADAA7E2895648D00A32855 /* Frameworks */,
				9BADAA7F2895648D00A32855 /* Resources */,
			);
			buildRules = (
			);
			dependencies = (
			);
			name = Intervals;
			packageProductDependencies = (
				9B862931289878160074739C /* AppCore */,
				9B862933289878190074739C /* AppUI */,
			);
			productName = Intervals;
			productReference = 9BADAA812895648D00A32855 /* Intervals.app */;
			productType = "com.apple.product-type.application";
		};
		9BADAA902895648F00A32855 /* IntervalsTests */ = {
			isa = PBXNativeTarget;
			buildConfigurationList = 9BADAAA82895648F00A32855 /* Build configuration list for PBXNativeTarget "IntervalsTests" */;
			buildPhases = (
				9BADAA8D2895648F00A32855 /* Sources */,
				9BADAA8E2895648F00A32855 /* Frameworks */,
				9BADAA8F2895648F00A32855 /* Resources */,
			);
			buildRules = (
			);
			dependencies = (
				9BADAA932895648F00A32855 /* PBXTargetDependency */,
			);
			name = IntervalsTests;
			productName = IntervalsTests;
			productReference = 9BADAA912895648F00A32855 /* IntervalsTests.xctest */;
			productType = "com.apple.product-type.bundle.unit-test";
		};
/* End PBXNativeTarget section */

/* Begin PBXProject section */
		9BADAA792895648D00A32855 /* Project object */ = {
			isa = PBXProject;
			attributes = {
				BuildIndependentTargetsInParallel = 1;
				LastSwiftUpdateCheck = 1330;
				LastUpgradeCheck = 1330;
				TargetAttributes = {
					9BADAA802895648D00A32855 = {
						CreatedOnToolsVersion = 13.3.1;
					};
					9BADAA902895648F00A32855 = {
						CreatedOnToolsVersion = 13.3.1;
					};
				};
			};
			buildConfigurationList = 9BADAA7C2895648D00A32855 /* Build configuration list for PBXProject "Intervals" */;
			compatibilityVersion = "Xcode 13.0";
			developmentRegion = en;
			hasScannedForEncodings = 0;
			knownRegions = (
				en,
				Base,
			);
			mainGroup = 9BADAA782895648D00A32855;
			productRefGroup = 9BADAA822895648D00A32855 /* Products */;
			projectDirPath = "";
			projectRoot = "";
			targets = (
				9BADAA802895648D00A32855 /* Intervals */,
				9BADAA902895648F00A32855 /* IntervalsTests */,
			);
		};
/* End PBXProject section */

/* Begin PBXResourcesBuildPhase section */
		9BADAA7F2895648D00A32855 /* Resources */ = {
			isa = PBXResourcesBuildPhase;
			buildActionMask = 2147483647;
			files = (
				9BADAA8C2895648F00A32855 /* Preview Assets.xcassets in Resources */,
				9BADAA892895648F00A32855 /* Assets.xcassets in Resources */,
			);
			runOnlyForDeploymentPostprocessing = 0;
		};
		9BADAA8F2895648F00A32855 /* Resources */ = {
			isa = PBXResourcesBuildPhase;
			buildActionMask = 2147483647;
			files = (
			);
			runOnlyForDeploymentPostprocessing = 0;
		};
/* End PBXResourcesBuildPhase section */

/* Begin PBXSourcesBuildPhase section */
		9BADAA7D2895648D00A32855 /* Sources */ = {
			isa = PBXSourcesBuildPhase;
			buildActionMask = 2147483647;
			files = (
				9BADAA872895648D00A32855 /* ContentView.swift in Sources */,
				9BADAA852895648D00A32855 /* IntervalsApp.swift in Sources */,
			);
			runOnlyForDeploymentPostprocessing = 0;
		};
		9BADAA8D2895648F00A32855 /* Sources */ = {
			isa = PBXSourcesBuildPhase;
			buildActionMask = 2147483647;
			files = (
				9BADAA962895648F00A32855 /* IntervalsTests.swift in Sources */,
			);
			runOnlyForDeploymentPostprocessing = 0;
		};
/* End PBXSourcesBuildPhase section */

/* Begin PBXTargetDependency section */
		9BADAA932895648F00A32855 /* PBXTargetDependency */ = {
			isa = PBXTargetDependency;
			target = 9BADAA802895648D00A32855 /* Intervals */;
			targetProxy = 9BADAA922895648F00A32855 /* PBXContainerItemProxy */;
		};
/* End PBXTargetDependency section */

/* Begin XCBuildConfiguration section */
		9BADAAA32895648F00A32855 /* Debug */ = {
			isa = XCBuildConfiguration;
			buildSettings = {
				ALWAYS_SEARCH_USER_PATHS = NO;
				CLANG_ANALYZER_NONNULL = YES;
				CLANG_ANALYZER_NUMBER_OBJECT_CONVERSION = YES_AGGRESSIVE;
				CLANG_CXX_LANGUAGE_STANDARD = "gnu++17";
				CLANG_ENABLE_MODULES = YES;
				CLANG_ENABLE_OBJC_ARC = YES;
				CLANG_ENABLE_OBJC_WEAK = YES;
				CLANG_WARN_BLOCK_CAPTURE_AUTORELEASING = YES;
				CLANG_WARN_BOOL_CONVERSION = YES;
				CLANG_WARN_COMMA = YES;
				CLANG_WARN_CONSTANT_CONVERSION = YES;
				CLANG_WARN_DEPRECATED_OBJC_IMPLEMENTATIONS = YES;
				CLANG_WARN_DIRECT_OBJC_ISA_USAGE = YES_ERROR;
				CLANG_WARN_DOCUMENTATION_COMMENTS = YES;
				CLANG_WARN_EMPTY_BODY = YES;
				CLANG_WARN_ENUM_CONVERSION = YES;
				CLANG_WARN_INFINITE_RECURSION = YES;
				CLANG_WARN_INT_CONVERSION = YES;
				CLANG_WARN_NON_LITERAL_NULL_CONVERSION = YES;
				CLANG_WARN_OBJC_IMPLICIT_RETAIN_SELF = YES;
				CLANG_WARN_OBJC_LITERAL_CONVERSION = YES;
				CLANG_WARN_OBJC_ROOT_CLASS = YES_ERROR;
				CLANG_WARN_QUOTED_INCLUDE_IN_FRAMEWORK_HEADER = YES;
				CLANG_WARN_RANGE_LOOP_ANALYSIS = YES;
				CLANG_WARN_STRICT_PROTOTYPES = YES;
				CLANG_WARN_SUSPICIOUS_MOVE = YES;
				CLANG_WARN_UNGUARDED_AVAILABILITY = YES_AGGRESSIVE;
				CLANG_WARN_UNREACHABLE_CODE = YES;
				CLANG_WARN__DUPLICATE_METHOD_MATCH = YES;
				COPY_PHASE_STRIP = NO;
				DEBUG_INFORMATION_FORMAT = dwarf;
				ENABLE_STRICT_OBJC_MSGSEND = YES;
				ENABLE_TESTABILITY = YES;
				GCC_C_LANGUAGE_STANDARD = gnu11;
				GCC_DYNAMIC_NO_PIC = NO;
				GCC_NO_COMMON_BLOCKS = YES;
				GCC_OPTIMIZATION_LEVEL = 0;
				GCC_PREPROCESSOR_DEFINITIONS = (
					"DEBUG=1",
					"$(inherited)",
				);
				GCC_WARN_64_TO_32_BIT_CONVERSION = YES;
				GCC_WARN_ABOUT_RETURN_TYPE = YES_ERROR;
				GCC_WARN_UNDECLARED_SELECTOR = YES;
				GCC_WARN_UNINITIALIZED_AUTOS = YES_AGGRESSIVE;
				GCC_WARN_UNUSED_FUNCTION = YES;
				GCC_WARN_UNUSED_VARIABLE = YES;
				IPHONEOS_DEPLOYMENT_TARGET = 15.0;
				MTL_ENABLE_DEBUG_INFO = INCLUDE_SOURCE;
				MTL_FAST_MATH = YES;
				ONLY_ACTIVE_ARCH = YES;
				SDKROOT = iphoneos;
				SWIFT_ACTIVE_COMPILATION_CONDITIONS = DEBUG;
				SWIFT_OPTIMIZATION_LEVEL = "-Onone";
			};
			name = Debug;
		};
		9BADAAA42895648F00A32855 /* Release */ = {
			isa = XCBuildConfiguration;
			buildSettings = {
				ALWAYS_SEARCH_USER_PATHS = NO;
				CLANG_ANALYZER_NONNULL = YES;
				CLANG_ANALYZER_NUMBER_OBJECT_CONVERSION = YES_AGGRESSIVE;
				CLANG_CXX_LANGUAGE_STANDARD = "gnu++17";
				CLANG_ENABLE_MODULES = YES;
				CLANG_ENABLE_OBJC_ARC = YES;
				CLANG_ENABLE_OBJC_WEAK = YES;
				CLANG_WARN_BLOCK_CAPTURE_AUTORELEASING = YES;
				CLANG_WARN_BOOL_CONVERSION = YES;
				CLANG_WARN_COMMA = YES;
				CLANG_WARN_CONSTANT_CONVERSION = YES;
				CLANG_WARN_DEPRECATED_OBJC_IMPLEMENTATIONS = YES;
				CLANG_WARN_DIRECT_OBJC_ISA_USAGE = YES_ERROR;
				CLANG_WARN_DOCUMENTATION_COMMENTS = YES;
				CLANG_WARN_EMPTY_BODY = YES;
				CLANG_WARN_ENUM_CONVERSION = YES;
				CLANG_WARN_INFINITE_RECURSION = YES;
				CLANG_WARN_INT_CONVERSION = YES;
				CLANG_WARN_NON_LITERAL_NULL_CONVERSION = YES;
				CLANG_WARN_OBJC_IMPLICIT_RETAIN_SELF = YES;
				CLANG_WARN_OBJC_LITERAL_CONVERSION = YES;
				CLANG_WARN_OBJC_ROOT_CLASS = YES_ERROR;
				CLANG_WARN_QUOTED_INCLUDE_IN_FRAMEWORK_HEADER = YES;
				CLANG_WARN_RANGE_LOOP_ANALYSIS = YES;
				CLANG_WARN_STRICT_PROTOTYPES = YES;
				CLANG_WARN_SUSPICIOUS_MOVE = YES;
				CLANG_WARN_UNGUARDED_AVAILABILITY = YES_AGGRESSIVE;
				CLANG_WARN_UNREACHABLE_CODE = YES;
				CLANG_WARN__DUPLICATE_METHOD_MATCH = YES;
				COPY_PHASE_STRIP = NO;
				DEBUG_INFORMATION_FORMAT = "dwarf-with-dsym";
				ENABLE_NS_ASSERTIONS = NO;
				ENABLE_STRICT_OBJC_MSGSEND = YES;
				GCC_C_LANGUAGE_STANDARD = gnu11;
				GCC_NO_COMMON_BLOCKS = YES;
				GCC_WARN_64_TO_32_BIT_CONVERSION = YES;
				GCC_WARN_ABOUT_RETURN_TYPE = YES_ERROR;
				GCC_WARN_UNDECLARED_SELECTOR = YES;
				GCC_WARN_UNINITIALIZED_AUTOS = YES_AGGRESSIVE;
				GCC_WARN_UNUSED_FUNCTION = YES;
				GCC_WARN_UNUSED_VARIABLE = YES;
				IPHONEOS_DEPLOYMENT_TARGET = 15.0;
				MTL_ENABLE_DEBUG_INFO = NO;
				MTL_FAST_MATH = YES;
				SDKROOT = iphoneos;
				SWIFT_COMPILATION_MODE = wholemodule;
				SWIFT_OPTIMIZATION_LEVEL = "-O";
				VALIDATE_PRODUCT = YES;
			};
			name = Release;
		};
		9BADAAA62895648F00A32855 /* Debug */ = {
			isa = XCBuildConfiguration;
			buildSettings = {
				ASSETCATALOG_COMPILER_APPICON_NAME = AppIcon;
				ASSETCATALOG_COMPILER_GLOBAL_ACCENT_COLOR_NAME = AccentColor;
				CODE_SIGN_STYLE = Automatic;
				CURRENT_PROJECT_VERSION = 1;
				DEVELOPMENT_ASSET_PATHS = "\"Intervals/Preview Content\"";
				DEVELOPMENT_TEAM = U8743T8Z48;
				ENABLE_PREVIEWS = YES;
				GENERATE_INFOPLIST_FILE = YES;
				INFOPLIST_KEY_NSLocationWhenInUseUsageDescription = "To track your route";
				INFOPLIST_KEY_UIApplicationSceneManifest_Generation = YES;
				INFOPLIST_KEY_UIApplicationSupportsIndirectInputEvents = YES;
				INFOPLIST_KEY_UILaunchScreen_Generation = YES;
				INFOPLIST_KEY_UISupportedInterfaceOrientations_iPad = "UIInterfaceOrientationPortrait UIInterfaceOrientationPortraitUpsideDown UIInterfaceOrientationLandscapeLeft UIInterfaceOrientationLandscapeRight";
				INFOPLIST_KEY_UISupportedInterfaceOrientations_iPhone = "UIInterfaceOrientationPortrait UIInterfaceOrientationLandscapeLeft UIInterfaceOrientationLandscapeRight";
				IPHONEOS_DEPLOYMENT_TARGET = 15.0;
				LD_RUNPATH_SEARCH_PATHS = (
					"$(inherited)",
					"@executable_path/Frameworks",
				);
				MARKETING_VERSION = 1.0;
				PRODUCT_BUNDLE_IDENTIFIER = ru.maxkazakov.Intervals;
				PRODUCT_NAME = "$(TARGET_NAME)";
				SWIFT_EMIT_LOC_STRINGS = YES;
				SWIFT_VERSION = 5.0;
				TARGETED_DEVICE_FAMILY = 1;
			};
			name = Debug;
		};
		9BADAAA72895648F00A32855 /* Release */ = {
			isa = XCBuildConfiguration;
			buildSettings = {
				ASSETCATALOG_COMPILER_APPICON_NAME = AppIcon;
				ASSETCATALOG_COMPILER_GLOBAL_ACCENT_COLOR_NAME = AccentColor;
				CODE_SIGN_STYLE = Automatic;
				CURRENT_PROJECT_VERSION = 1;
				DEVELOPMENT_ASSET_PATHS = "\"Intervals/Preview Content\"";
				DEVELOPMENT_TEAM = U8743T8Z48;
				ENABLE_PREVIEWS = YES;
				GENERATE_INFOPLIST_FILE = YES;
				INFOPLIST_KEY_NSLocationWhenInUseUsageDescription = "To track your route";
				INFOPLIST_KEY_UIApplicationSceneManifest_Generation = YES;
				INFOPLIST_KEY_UIApplicationSupportsIndirectInputEvents = YES;
				INFOPLIST_KEY_UILaunchScreen_Generation = YES;
				INFOPLIST_KEY_UISupportedInterfaceOrientations_iPad = "UIInterfaceOrientationPortrait UIInterfaceOrientationPortraitUpsideDown UIInterfaceOrientationLandscapeLeft UIInterfaceOrientationLandscapeRight";
				INFOPLIST_KEY_UISupportedInterfaceOrientations_iPhone = "UIInterfaceOrientationPortrait UIInterfaceOrientationLandscapeLeft UIInterfaceOrientationLandscapeRight";
				IPHONEOS_DEPLOYMENT_TARGET = 15.0;
				LD_RUNPATH_SEARCH_PATHS = (
					"$(inherited)",
					"@executable_path/Frameworks",
				);
				MARKETING_VERSION = 1.0;
				PRODUCT_BUNDLE_IDENTIFIER = ru.maxkazakov.Intervals;
				PRODUCT_NAME = "$(TARGET_NAME)";
				SWIFT_EMIT_LOC_STRINGS = YES;
				SWIFT_VERSION = 5.0;
				TARGETED_DEVICE_FAMILY = 1;
			};
			name = Release;
		};
		9BADAAA92895648F00A32855 /* Debug */ = {
			isa = XCBuildConfiguration;
			buildSettings = {
				ALWAYS_EMBED_SWIFT_STANDARD_LIBRARIES = YES;
				CODE_SIGN_STYLE = Automatic;
				CURRENT_PROJECT_VERSION = 1;
				DEVELOPMENT_TEAM = U8743T8Z48;
				GENERATE_INFOPLIST_FILE = YES;
				IPHONEOS_DEPLOYMENT_TARGET = 15.4;
				MARKETING_VERSION = 1.0;
				PRODUCT_BUNDLE_IDENTIFIER = ru.maxkazakov.IntervalsTests;
				PRODUCT_NAME = "$(TARGET_NAME)";
				SWIFT_EMIT_LOC_STRINGS = NO;
				SWIFT_VERSION = 5.0;
				TARGETED_DEVICE_FAMILY = "1,2";
			};
			name = Debug;
		};
		9BADAAAA2895648F00A32855 /* Release */ = {
			isa = XCBuildConfiguration;
			buildSettings = {
				ALWAYS_EMBED_SWIFT_STANDARD_LIBRARIES = YES;
				CODE_SIGN_STYLE = Automatic;
				CURRENT_PROJECT_VERSION = 1;
				DEVELOPMENT_TEAM = U8743T8Z48;
				GENERATE_INFOPLIST_FILE = YES;
				IPHONEOS_DEPLOYMENT_TARGET = 15.4;
				MARKETING_VERSION = 1.0;
				PRODUCT_BUNDLE_IDENTIFIER = ru.maxkazakov.IntervalsTests;
				PRODUCT_NAME = "$(TARGET_NAME)";
				SWIFT_EMIT_LOC_STRINGS = NO;
				SWIFT_VERSION = 5.0;
				TARGETED_DEVICE_FAMILY = "1,2";
			};
			name = Release;
		};
/* End XCBuildConfiguration section */

/* Begin XCConfigurationList section */
		9BADAA7C2895648D00A32855 /* Build configuration list for PBXProject "Intervals" */ = {
			isa = XCConfigurationList;
			buildConfigurations = (
				9BADAAA32895648F00A32855 /* Debug */,
				9BADAAA42895648F00A32855 /* Release */,
			);
			defaultConfigurationIsVisible = 0;
			defaultConfigurationName = Release;
		};
		9BADAAA52895648F00A32855 /* Build configuration list for PBXNativeTarget "Intervals" */ = {
			isa = XCConfigurationList;
			buildConfigurations = (
				9BADAAA62895648F00A32855 /* Debug */,
				9BADAAA72895648F00A32855 /* Release */,
			);
			defaultConfigurationIsVisible = 0;
			defaultConfigurationName = Release;
		};
		9BADAAA82895648F00A32855 /* Build configuration list for PBXNativeTarget "IntervalsTests" */ = {
			isa = XCConfigurationList;
			buildConfigurations = (
				9BADAAA92895648F00A32855 /* Debug */,
				9BADAAAA2895648F00A32855 /* Release */,
			);
			defaultConfigurationIsVisible = 0;
			defaultConfigurationName = Release;
		};
/* End XCConfigurationList section */

/* Begin XCSwiftPackageProductDependency section */
		9B862931289878160074739C /* AppCore */ = {
			isa = XCSwiftPackageProductDependency;
			productName = AppCore;
		};
		9B862933289878190074739C /* AppUI */ = {
			isa = XCSwiftPackageProductDependency;
			productName = AppUI;
		};
/* End XCSwiftPackageProductDependency section */
	};
	rootObject = 9BADAA792895648D00A32855 /* Project object */;
}
